
Microsoft Visual Studio Solution File, Format Version 12.00
# Visual Studio 15
VisualStudioVersion = 15.0.26124.0
MinimumVisualStudioVersion = 15.0.26124.0
Project("{FAE04EC0-301F-11D3-BF4B-00C04F79EFBC}") = "PaymentContext.Domain", "PaymentContext.Domain\PaymentContext.Domain.csproj", "{6AFBC8CF-8ED2-4F69-9D7C-0548C960A337}"
EndProject
Project("{FAE04EC0-301F-11D3-BF4B-00C04F79EFBC}") = "PaymentContext.Shared", "PaymentContext.Shared\PaymentContext.Shared.csproj", "{4FBEEC00-456C-439C-BD52-B3D4B0979240}"
EndProject
Project("{FAE04EC0-301F-11D3-BF4B-00C04F79EFBC}") = "PaymentContext.Tests", "PaymentContext.Tests\PaymentContext.Tests.csproj", "{E111B8A9-786C-43FF-86F6-40A72D392451}"
EndProject
Global
	GlobalSection(SolutionConfigurationPlatforms) = preSolution
		Debug|Any CPU = Debug|Any CPU
		Debug|x64 = Debug|x64
		Debug|x86 = Debug|x86
		Release|Any CPU = Release|Any CPU
		Release|x64 = Release|x64
		Release|x86 = Release|x86
	EndGlobalSection
	GlobalSection(SolutionProperties) = preSolution
		HideSolutionNode = FALSE
	EndGlobalSection
	GlobalSection(ProjectConfigurationPlatforms) = postSolution
		{6AFBC8CF-8ED2-4F69-9D7C-0548C960A337}.Debug|Any CPU.ActiveCfg = Debug|Any CPU
		{6AFBC8CF-8ED2-4F69-9D7C-0548C960A337}.Debug|Any CPU.Build.0 = Debug|Any CPU
		{6AFBC8CF-8ED2-4F69-9D7C-0548C960A337}.Debug|x64.ActiveCfg = Debug|Any CPU
		{6AFBC8CF-8ED2-4F69-9D7C-0548C960A337}.Debug|x64.Build.0 = Debug|Any CPU
		{6AFBC8CF-8ED2-4F69-9D7C-0548C960A337}.Debug|x86.ActiveCfg = Debug|Any CPU
		{6AFBC8CF-8ED2-4F69-9D7C-0548C960A337}.Debug|x86.Build.0 = Debug|Any CPU
		{6AFBC8CF-8ED2-4F69-9D7C-0548C960A337}.Release|Any CPU.ActiveCfg = Release|Any CPU
		{6AFBC8CF-8ED2-4F69-9D7C-0548C960A337}.Release|Any CPU.Build.0 = Release|Any CPU
		{6AFBC8CF-8ED2-4F69-9D7C-0548C960A337}.Release|x64.ActiveCfg = Release|Any CPU
		{6AFBC8CF-8ED2-4F69-9D7C-0548C960A337}.Release|x64.Build.0 = Release|Any CPU
		{6AFBC8CF-8ED2-4F69-9D7C-0548C960A337}.Release|x86.ActiveCfg = Release|Any CPU
		{6AFBC8CF-8ED2-4F69-9D7C-0548C960A337}.Release|x86.Build.0 = Release|Any CPU
		{4FBEEC00-456C-439C-BD52-B3D4B0979240}.Debug|Any CPU.ActiveCfg = Debug|Any CPU
		{4FBEEC00-456C-439C-BD52-B3D4B0979240}.Debug|Any CPU.Build.0 = Debug|Any CPU
		{4FBEEC00-456C-439C-BD52-B3D4B0979240}.Debug|x64.ActiveCfg = Debug|Any CPU
		{4FBEEC00-456C-439C-BD52-B3D4B0979240}.Debug|x64.Build.0 = Debug|Any CPU
		{4FBEEC00-456C-439C-BD52-B3D4B0979240}.Debug|x86.ActiveCfg = Debug|Any CPU
		{4FBEEC00-456C-439C-BD52-B3D4B0979240}.Debug|x86.Build.0 = Debug|Any CPU
		{4FBEEC00-456C-439C-BD52-B3D4B0979240}.Release|Any CPU.ActiveCfg = Release|Any CPU
		{4FBEEC00-456C-439C-BD52-B3D4B0979240}.Release|Any CPU.Build.0 = Release|Any CPU
		{4FBEEC00-456C-439C-BD52-B3D4B0979240}.Release|x64.ActiveCfg = Release|Any CPU
		{4FBEEC00-456C-439C-BD52-B3D4B0979240}.Release|x64.Build.0 = Release|Any CPU
		{4FBEEC00-456C-439C-BD52-B3D4B0979240}.Release|x86.ActiveCfg = Release|Any CPU
		{4FBEEC00-456C-439C-BD52-B3D4B0979240}.Release|x86.Build.0 = Release|Any CPU
		{E111B8A9-786C-43FF-86F6-40A72D392451}.Debug|Any CPU.ActiveCfg = Debug|Any CPU
		{E111B8A9-786C-43FF-86F6-40A72D392451}.Debug|Any CPU.Build.0 = Debug|Any CPU
		{E111B8A9-786C-43FF-86F6-40A72D392451}.Debug|x64.ActiveCfg = Debug|Any CPU
		{E111B8A9-786C-43FF-86F6-40A72D392451}.Debug|x64.Build.0 = Debug|Any CPU
		{E111B8A9-786C-43FF-86F6-40A72D392451}.Debug|x86.ActiveCfg = Debug|Any CPU
		{E111B8A9-786C-43FF-86F6-40A72D392451}.Debug|x86.Build.0 = Debug|Any CPU
		{E111B8A9-786C-43FF-86F6-40A72D392451}.Release|Any CPU.ActiveCfg = Release|Any CPU
		{E111B8A9-786C-43FF-86F6-40A72D392451}.Release|Any CPU.Build.0 = Release|Any CPU
		{E111B8A9-786C-43FF-86F6-40A72D392451}.Release|x64.ActiveCfg = Release|Any CPU
		{E111B8A9-786C-43FF-86F6-40A72D392451}.Release|x64.Build.0 = Release|Any CPU
		{E111B8A9-786C-43FF-86F6-40A72D392451}.Release|x86.ActiveCfg = Release|Any CPU
		{E111B8A9-786C-43FF-86F6-40A72D392451}.Release|x86.Build.0 = Release|Any CPU
	EndGlobalSection
EndGlobal
